# This file is automatically @generated by Cargo.
# It is not intended for manual editing.
version = 4

[[package]]
name = "common-framework"
version = "0.1.0"

[[package]]
name = "lexer-framework"
version = "0.1.0"
dependencies = [
 "common-framework",
]

[[package]]
name = "parser-framework"
version = "0.1.0"
dependencies = [
 "common-framework",
]

[[package]]
name = "pipeline-core"
version = "0.1.0"
dependencies = [
 "common-framework",
 "lexer-framework",
 "parser-framework",
]

[[package]]
name = "pipeline-demo"
version = "0.1.0"
dependencies = [
 "common-framework",
 "lexer-framework",
 "parser-framework",
 "pipeline-core",
]
